
Microsoft Visual Studio Solution File, Format Version 12.00
# Visual Studio Version 17
VisualStudioVersion = 17.1.32210.238
MinimumVisualStudioVersion = 10.0.40219.1
Project("{FAE04EC0-301F-11D3-BF4B-00C04F79EFBC}") = "AddressBook", "AddressBook\AddressBook.csproj", "{7A828B33-F7ED-454A-932B-823DB837B220}"
EndProject
Global
	GlobalSection(SolutionConfigurationPlatforms) = preSolution
		Debug|Any CPU = Debug|Any CPU
		Release|Any CPU = Release|Any CPU
	EndGlobalSection
	GlobalSection(ProjectConfigurationPlatforms) = postSolution
		{7A828B33-F7ED-454A-932B-823DB837B220}.Debug|Any CPU.ActiveCfg = Debug|Any CPU
		{7A828B33-F7ED-454A-932B-823DB837B220}.Debug|Any CPU.Build.0 = Debug|Any CPU
		{7A828B33-F7ED-454A-932B-823DB837B220}.Release|Any CPU.ActiveCfg = Release|Any CPU
		{7A828B33-F7ED-454A-932B-823DB837B220}.Release|Any CPU.Build.0 = Release|Any CPU
	EndGlobalSection
	GlobalSection(SolutionProperties) = preSolution
		HideSolutionNode = FALSE
	EndGlobalSection
	GlobalSection(ExtensibilityGlobals) = postSolution
		SolutionGuid = {EFFC39E5-9AF0-49CA-A6EE-E0B940AE192A}
	EndGlobalSection
EndGlobal
